
Microsoft Visual Studio Solution File, Format Version 12.00
# Visual Studio 15
Project("{FAE04EC0-301F-11D3-BF4B-00C04F79EFBC}") = "examen-PastedBud", "examen-PastedBud\examen-PastedBud.csproj", "{151DDB95-ED75-48D9-BE1E-03710140692A}"
EndProject
Global
	GlobalSection(SolutionConfigurationPlatforms) = preSolution
		Debug|anycpu = Debug|anycpu
		Release|anycpu = Release|anycpu
	EndGlobalSection
	GlobalSection(ProjectConfigurationPlatforms) = postSolution
		{151DDB95-ED75-48D9-BE1E-03710140692A}.Debug|anycpu.ActiveCfg = Debug|anycpu
		{151DDB95-ED75-48D9-BE1E-03710140692A}.Debug|anycpu.Build.0 = Debug|anycpu
		{151DDB95-ED75-48D9-BE1E-03710140692A}.Release|anycpu.ActiveCfg = Release|anycpu
		{151DDB95-ED75-48D9-BE1E-03710140692A}.Release|anycpu.Build.0 = Release|anycpu
	EndGlobalSection
EndGlobal
